<?xml version="1.0" encoding="utf-8"?>
<Project ToolsVersion="4.0" xmlns="http://schemas.microsoft.com/developer/msbuild/2003">
  <ItemGroup>
    <Filter Include="Исходные файлы">
      <UniqueIdentifier>{4FC737F1-C7A5-4376-A066-2A32D752A2FF}</UniqueIdentifier>
      <Extensions>cpp;c;cc;cxx;c++;cppm;ixx;def;odl;idl;hpj;bat;asm;asmx</Extensions>
    </Filter>
    <Filter Include="Файлы заголовков">
      <UniqueIdentifier>{93995380-89BD-4b04-88EB-625FBE52EBFB}</UniqueIdentifier>
      <Extensions>h;hh;hpp;hxx;h++;hm;inl;inc;ipp;xsd</Extensions>
    </Filter>
    <Filter Include="Файлы ресурсов">
      <UniqueIdentifier>{67DA6AB6-F800-4c08-8B7A-83BB121AAD01}</UniqueIdentifier>
      <Extensions>rc;ico;cur;bmp;dlg;rc2;rct;bin;rgs;gif;jpg;jpeg;jpe;resx;tiff;tif;png;wav;mfcribbon-ms</Extensions>
    </Filter>
    <Filter Include="EDS_server\Core">
      <UniqueIdentifier>{E0E1A5C6-B359-4E41-9B60-3365922CA832}</UniqueIdentifier>
    </Filter>
    <Filter Include="EDS_server\Core\interfaces">
      <UniqueIdentifier>{F0E1A5C6-B359-4E41-9B60-3365922CA832}</UniqueIdentifier>
    </Filter>
    <Filter Include="EDS_server\Core\managers">
      <UniqueIdentifier>{G0E1A5C6-B359-4E41-9B60-3365922CA832}</UniqueIdentifier>
    </Filter>
    <Filter Include="EDS_server\Core\managers\conference">
      <UniqueIdentifier>{H0E1A5C6-B359-4E41-9B60-3365922CA832}</UniqueIdentifier>
    </Filter>
    <Filter Include="EDS_server\Core\managers\handlers">
      <UniqueIdentifier>{I0E1A5C6-B359-4E41-9B60-3365922CA832}</UniqueIdentifier>
    </Filter>
    <Filter Include="EDS_server\Core\modules">
      <UniqueIdentifier>{J0E1A5C6-B359-4E41-9B60-3365922CA832}</UniqueIdentifier>
    </Filter>
    <Filter Include="EDS_server\Core\utils">
      <UniqueIdentifier>{K0E1A5C6-B359-4E41-9B60-3365922CA832}</UniqueIdentifier>
    </Filter>
    <Filter Include="EDS_server\App">
      <UniqueIdentifier>{f21a9435-f719-4810-a399-42d1f2196306}</UniqueIdentifier>
    </Filter>
  </ItemGroup>
  <ItemGroup>
    <Filter Include="EDS_server">
      <UniqueIdentifier>{D0E1A5C6-B359-4E41-9B60-3365922CA832}</UniqueIdentifier>
    </Filter>
  </ItemGroup>
  <ItemGroup>
    <ClCompile Include="main.cpp">
      <Filter>EDS_server</Filter>
    </ClCompile>
    <ClCompile Include="Core\EventBus.h">
      <Filter>EDS_server\Core</Filter>
    </ClCompile>
    <ClCompile Include="App\cAppCore.cpp">
      <Filter>EDS_server\App</Filter>
    </ClCompile>
    <ClCompile Include="BaseAction.cpp">
      <Filter>EDS_server\Core\modules</Filter>
    </ClCompile>
    <ClCompile Include="BaseActionManager.cpp">
      <Filter>EDS_server\Core\modules</Filter>
    </ClCompile>
    <ClCompile Include="utils\cLogger.cpp">
      <Filter>Исходные файлы</Filter>
    </ClCompile>
    <ClCompile Include="rtc\cRtcManager.cpp">
      <Filter>Исходные файлы</Filter>
    </ClCompile>
    <ClCompile Include="rtc\cRtcPeer.cpp">
      <Filter>Исходные файлы</Filter>
    </ClCompile>
    <ClCompile Include="network\cNetHttpServer.cpp">
      <Filter>Исходные файлы</Filter>
    </ClCompile>
    <ClCompile Include="network\cNetIoContext.cpp">
      <Filter>Исходные файлы</Filter>
    </ClCompile>
    <ClCompile Include="network\cNetWebSocketServer.cpp">
      <Filter>Исходные файлы</Filter>
    </ClCompile>
    <ClCompile Include="Core\managers\conference\cConferenceManager.cpp">
      <Filter>Исходные файлы</Filter>
    </ClCompile>
    <ClCompile Include="Core\modules\cNetModule.cpp">
      <Filter>Исходные файлы</Filter>
    </ClCompile>
    <ClCompile Include="Core\modules\cRtcModule.cpp">
      <Filter>Исходные файлы</Filter>
    </ClCompile>
    <ClCompile Include="Core\modules\cConferenceModule.cpp">
      <Filter>Исходные файлы</Filter>
    </ClCompile>
    <ClCompile Include="Core\modules\cRtcRelayModule.cpp">
      <Filter>Исходные файлы</Filter>
    </ClCompile>
    <ClCompile Include="Core\modules\cActionManagerModule.cpp">
      <Filter>Исходные файлы</Filter>
    </ClCompile>
    <ClCompile Include="Core\modules\cActionRouterModule.cpp">
      <Filter>Исходные файлы</Filter>
    </ClCompile>
  </ItemGroup>
  <ItemGroup>
    <ClInclude Include="Core\managers\ModuleRegistry.h">
      <Filter>EDS_server\Core\managers</Filter>
    </ClInclude>
    <ClInclude Include="Core\interfaces\iModule.h">
      <Filter>EDS_server\Core\interfaces</Filter>
    </ClInclude>
    <ClInclude Include="Core\interfaces\iAction.h">
      <Filter>EDS_server\Core\interfaces</Filter>
    </ClInclude>
    <ClInclude Include="Core\interfaces\iActionManager.h">
      <Filter>EDS_server\Core\interfaces</Filter>
    </ClInclude>
    <ClInclude Include="Core\modules\BaseModule.h">
      <Filter>EDS_server\Core\modules</Filter>
    </ClInclude>
    <ClInclude Include="App\cAppCore.h">
      <Filter>EDS_server\App</Filter>
    </ClInclude>
    <ClInclude Include="BaseAction.h">
      <Filter>EDS_server\Core\modules</Filter>
    </ClInclude>
    <ClInclude Include="BaseActionManager.h">
      <Filter>EDS_server\Core\modules</Filter>
    </ClInclude>
    <ClInclude Include="utils\cLogger.h">
      <Filter>Файлы заголовков</Filter>
    </ClInclude>
    <ClInclude Include="utils\fnWordGenerator.h">
      <Filter>Файлы заголовков</Filter>
    </ClInclude>
    <ClInclude Include="utils\utils.h">
      <Filter>Файлы заголовков</Filter>
    </ClInclude>
    <ClInclude Include="rtc\cRtcPeer.h">
      <Filter>Файлы заголовков</Filter>
    </ClInclude>
    <ClInclude Include="rtc\cRtcManager.h">
      <Filter>Файлы заголовков</Filter>
    </ClInclude>
    <ClInclude Include="network\cNetHttpServer.h">
      <Filter>Файлы заголовков</Filter>
    </ClInclude>
    <ClInclude Include="network\cNetIoContext.h">
      <Filter>Файлы заголовков</Filter>
    </ClInclude>
    <ClInclude Include="network\cNetWebSocketServer.h">
      <Filter>Файлы заголовков</Filter>
    </ClInclude>
    <ClInclude Include="json\cJsonSerializer.h">
      <Filter>Файлы заголовков</Filter>
    </ClInclude>
    <ClInclude Include="Core\managers\conference\cConferenceManager.h">
      <Filter>Файлы заголовков</Filter>
    </ClInclude>
    <ClInclude Include="events\NetEvents.h">
      <Filter>Файлы заголовков</Filter>
    </ClInclude>
    <ClInclude Include="events\PeerEvents.h">
      <Filter>Файлы заголовков</Filter>
    </ClInclude>
    <ClInclude Include="events\RtcEvents.h">
      <Filter>Файлы заголовков</Filter>
    </ClInclude>
    <ClInclude Include="services\cPeerDirectoryService.h">
      <Filter>Файлы заголовков</Filter>
    </ClInclude>
    <ClInclude Include="services\cConferenceService.h">
      <Filter>Файлы заголовков</Filter>
    </ClInclude>
    <ClInclude Include="Core\modules\cNetModule.h">
      <Filter>Файлы заголовков</Filter>
    </ClInclude>
    <ClInclude Include="Core\modules\cRtcModule.h">
      <Filter>Файлы заголовков</Filter>
    </ClInclude>
    <ClInclude Include="Core\modules\cConferenceModule.h">
      <Filter>Файлы заголовков</Filter>
    </ClInclude>
    <ClInclude Include="Core\modules\cRtcRelayModule.h">
      <Filter>Файлы заголовков</Filter>
    </ClInclude>
    <ClInclude Include="Core\modules\cActionManagerModule.h">
      <Filter>Файлы заголовков</Filter>
    </ClInclude>
    <ClInclude Include="Core\modules\cActionRouterModule.h">
      <Filter>Файлы заголовков</Filter>
    </ClInclude>
    <ClInclude Include="Core\managers\conference\cConferenceAction.h">
      <Filter>Файлы заголовков</Filter>
    </ClInclude>
    <ClInclude Include="rtc\cWebRtcAction.h">
      <Filter>Файлы заголовков</Filter>
    </ClInclude>
  </ItemGroup>
</Project>